
Microsoft Visual Studio Solution File, Format Version 12.00
# Visual Studio Version 17
VisualStudioVersion = 17.5.002.0
MinimumVisualStudioVersion = 10.0.40219.1
Project("{9A19103F-16F7-4668-BE54-9A1E7A4F7556}") = "ApiEmpresa", "ApiEmpresa.csproj", "{C40177B2-9C50-4638-94AD-DBA72C5AB7C4}"
EndProject
Global
	GlobalSection(SolutionConfigurationPlatforms) = preSolution
		Debug|Any CPU = Debug|Any CPU
		Release|Any CPU = Release|Any CPU
	EndGlobalSection
	GlobalSection(ProjectConfigurationPlatforms) = postSolution
		{C40177B2-9C50-4638-94AD-DBA72C5AB7C4}.Debug|Any CPU.ActiveCfg = Debug|Any CPU
		{C40177B2-9C50-4638-94AD-DBA72C5AB7C4}.Debug|Any CPU.Build.0 = Debug|Any CPU
		{C40177B2-9C50-4638-94AD-DBA72C5AB7C4}.Release|Any CPU.ActiveCfg = Release|Any CPU
		{C40177B2-9C50-4638-94AD-DBA72C5AB7C4}.Release|Any CPU.Build.0 = Release|Any CPU
	EndGlobalSection
	GlobalSection(SolutionProperties) = preSolution
		HideSolutionNode = FALSE
	EndGlobalSection
	GlobalSection(ExtensibilityGlobals) = postSolution
		SolutionGuid = {95FAA3E3-51E4-429B-8215-77FCFA663AB1}
	EndGlobalSection
EndGlobal
